
Microsoft Visual Studio Solution File, Format Version 12.00
# Visual Studio Version 17
VisualStudioVersion = 17.12.35527.113 d17.12
MinimumVisualStudioVersion = 10.0.40219.1
Project("{FAE04EC0-301F-11D3-BF4B-00C04F79EFBC}") = "WebDataXplorer.Server", "WebDataXplorer.Server\WebDataXplorer.Server.csproj", "{98241064-AE9C-418A-A4AF-091789476FD1}"
EndProject
Project("{54A90642-561A-4BB1-A94E-469ADEE60C69}") = "webdataxplorer.client", "webdataxplorer.client\webdataxplorer.client.esproj", "{BA25133E-0859-41C2-8AF3-4699F7FA8D72}"
EndProject
Global
	GlobalSection(SolutionConfigurationPlatforms) = preSolution
		Debug|Any CPU = Debug|Any CPU
		Release|Any CPU = Release|Any CPU
	EndGlobalSection
	GlobalSection(ProjectConfigurationPlatforms) = postSolution
		{98241064-AE9C-418A-A4AF-091789476FD1}.Debug|Any CPU.ActiveCfg = Debug|Any CPU
		{98241064-AE9C-418A-A4AF-091789476FD1}.Debug|Any CPU.Build.0 = Debug|Any CPU
		{98241064-AE9C-418A-A4AF-091789476FD1}.Release|Any CPU.ActiveCfg = Release|Any CPU
		{98241064-AE9C-418A-A4AF-091789476FD1}.Release|Any CPU.Build.0 = Release|Any CPU
		{BA25133E-0859-41C2-8AF3-4699F7FA8D72}.Debug|Any CPU.ActiveCfg = Debug|Any CPU
		{BA25133E-0859-41C2-8AF3-4699F7FA8D72}.Debug|Any CPU.Build.0 = Debug|Any CPU
		{BA25133E-0859-41C2-8AF3-4699F7FA8D72}.Debug|Any CPU.Deploy.0 = Debug|Any CPU
		{BA25133E-0859-41C2-8AF3-4699F7FA8D72}.Release|Any CPU.ActiveCfg = Release|Any CPU
		{BA25133E-0859-41C2-8AF3-4699F7FA8D72}.Release|Any CPU.Build.0 = Release|Any CPU
		{BA25133E-0859-41C2-8AF3-4699F7FA8D72}.Release|Any CPU.Deploy.0 = Release|Any CPU
	EndGlobalSection
	GlobalSection(SolutionProperties) = preSolution
		HideSolutionNode = FALSE
	EndGlobalSection
EndGlobal
